
Microsoft Visual Studio Solution File, Format Version 12.00
# Visual Studio Version 17
VisualStudioVersion = 17.5.33414.496
MinimumVisualStudioVersion = 10.0.40219.1
Project("{FAE04EC0-301F-11D3-BF4B-00C04F79EFBC}") = "verificare_optional", "verificare_optional\verificare_optional.csproj", "{2888A714-5E7F-4CA3-B78F-9442F5EEE11C}"
EndProject
Global
	GlobalSection(SolutionConfigurationPlatforms) = preSolution
		Debug|Any CPU = Debug|Any CPU
		Release|Any CPU = Release|Any CPU
	EndGlobalSection
	GlobalSection(ProjectConfigurationPlatforms) = postSolution
		{2888A714-5E7F-4CA3-B78F-9442F5EEE11C}.Debug|Any CPU.ActiveCfg = Debug|Any CPU
		{2888A714-5E7F-4CA3-B78F-9442F5EEE11C}.Debug|Any CPU.Build.0 = Debug|Any CPU
		{2888A714-5E7F-4CA3-B78F-9442F5EEE11C}.Release|Any CPU.ActiveCfg = Release|Any CPU
		{2888A714-5E7F-4CA3-B78F-9442F5EEE11C}.Release|Any CPU.Build.0 = Release|Any CPU
	EndGlobalSection
	GlobalSection(SolutionProperties) = preSolution
		HideSolutionNode = FALSE
	EndGlobalSection
	GlobalSection(ExtensibilityGlobals) = postSolution
		SolutionGuid = {2640E3A4-8DC5-4E26-944D-C2489F5D4148}
	EndGlobalSection
EndGlobal
